
Microsoft Visual Studio Solution File, Format Version 12.00
# Visual Studio Version 17
VisualStudioVersion = 17.0.31912.275
MinimumVisualStudioVersion = 10.0.40219.1
Project("{FAE04EC0-301F-11D3-BF4B-00C04F79EFBC}") = "eUtazas_Zakar_Armin", "eUtazas_Zakar_Armin\eUtazas_Zakar_Armin.csproj", "{4F446BD1-E13F-4657-9A1C-D5259B3B34AE}"
EndProject
Global
	GlobalSection(SolutionConfigurationPlatforms) = preSolution
		Debug|Any CPU = Debug|Any CPU
		Release|Any CPU = Release|Any CPU
	EndGlobalSection
	GlobalSection(ProjectConfigurationPlatforms) = postSolution
		{4F446BD1-E13F-4657-9A1C-D5259B3B34AE}.Debug|Any CPU.ActiveCfg = Debug|Any CPU
		{4F446BD1-E13F-4657-9A1C-D5259B3B34AE}.Debug|Any CPU.Build.0 = Debug|Any CPU
		{4F446BD1-E13F-4657-9A1C-D5259B3B34AE}.Release|Any CPU.ActiveCfg = Release|Any CPU
		{4F446BD1-E13F-4657-9A1C-D5259B3B34AE}.Release|Any CPU.Build.0 = Release|Any CPU
	EndGlobalSection
	GlobalSection(SolutionProperties) = preSolution
		HideSolutionNode = FALSE
	EndGlobalSection
	GlobalSection(ExtensibilityGlobals) = postSolution
		SolutionGuid = {9F9135B2-7DF7-4869-9412-EE3094CC8B28}
	EndGlobalSection
EndGlobal
